// !$*UTF8*$!
{
	archiveVersion = 1;
	classes = {
	};
	objectVersion = 46;
	objects = {

/* Begin PBXBuildFile section */
		4E4BC3171AB510D500BFD478 /* AllWordsViewController.swift in Sources */ = {isa = PBXBuildFile; fileRef = 4E4BC3161AB510D500BFD478 /* AllWordsViewController.swift */; };
		4E4BC3181AB510D500BFD478 /* AllWordsViewController.swift in Sources */ = {isa = PBXBuildFile; fileRef = 4E4BC3161AB510D500BFD478 /* AllWordsViewController.swift */; };
		4EB0726D1AB3A1B500BB230A /* ShareViewController.swift in Sources */ = {isa = PBXBuildFile; fileRef = 4ED391D61AB39B0A00FE13D3 /* ShareViewController.swift */; };
		4EB0726E1AB3A1B900BB230A /* PrimaryViewController.swift in Sources */ = {isa = PBXBuildFile; fileRef = 4ED45D7F1AAE70FC000158D5 /* PrimaryViewController.swift */; };
		4EB0726F1AB3A1C300BB230A /* AppDelegate.swift in Sources */ = {isa = PBXBuildFile; fileRef = 4ED45D7D1AAE70FC000158D5 /* AppDelegate.swift */; };
		4EB072701AB3A1C700BB230A /* AddViewController.swift in Sources */ = {isa = PBXBuildFile; fileRef = 4ED3292D1AAF811500E19C5F /* AddViewController.swift */; };
		4EBC75B81AB522B900303476 /* AllCell.swift in Sources */ = {isa = PBXBuildFile; fileRef = 4EBC75B71AB522B900303476 /* AllCell.swift */; };
		4EBC75B91AB522B900303476 /* AllCell.swift in Sources */ = {isa = PBXBuildFile; fileRef = 4EBC75B71AB522B900303476 /* AllCell.swift */; };
		4EC4DC8B1AB0E18100459E38 /* OffensiveEngine.swift in Sources */ = {isa = PBXBuildFile; fileRef = 4EC4DC8A1AB0E18100459E38 /* OffensiveEngine.swift */; };
		4EC4DC8C1AB0E18100459E38 /* OffensiveEngine.swift in Sources */ = {isa = PBXBuildFile; fileRef = 4EC4DC8A1AB0E18100459E38 /* OffensiveEngine.swift */; };
		4ED3292E1AAF811500E19C5F /* AddViewController.swift in Sources */ = {isa = PBXBuildFile; fileRef = 4ED3292D1AAF811500E19C5F /* AddViewController.swift */; };
		4ED391D71AB39B0A00FE13D3 /* ShareViewController.swift in Sources */ = {isa = PBXBuildFile; fileRef = 4ED391D61AB39B0A00FE13D3 /* ShareViewController.swift */; };
		4ED45D7E1AAE70FC000158D5 /* AppDelegate.swift in Sources */ = {isa = PBXBuildFile; fileRef = 4ED45D7D1AAE70FC000158D5 /* AppDelegate.swift */; };
		4ED45D801AAE70FC000158D5 /* PrimaryViewController.swift in Sources */ = {isa = PBXBuildFile; fileRef = 4ED45D7F1AAE70FC000158D5 /* PrimaryViewController.swift */; };
		4ED45D831AAE70FC000158D5 /* Main.storyboard in Resources */ = {isa = PBXBuildFile; fileRef = 4ED45D811AAE70FC000158D5 /* Main.storyboard */; };
		4ED45D851AAE70FC000158D5 /* Images.xcassets in Resources */ = {isa = PBXBuildFile; fileRef = 4ED45D841AAE70FC000158D5 /* Images.xcassets */; };
		4ED45D881AAE70FC000158D5 /* LaunchScreen.xib in Resources */ = {isa = PBXBuildFile; fileRef = 4ED45D861AAE70FC000158D5 /* LaunchScreen.xib */; };
		4ED45D941AAE70FC000158D5 /* OffendTests.swift in Sources */ = {isa = PBXBuildFile; fileRef = 4ED45D931AAE70FC000158D5 /* OffendTests.swift */; };
		4ED45DAC1AAEC6ED000158D5 /* AudioToolbox.framework in Frameworks */ = {isa = PBXBuildFile; fileRef = 4ED45DAB1AAEC6ED000158D5 /* AudioToolbox.framework */; };
		4ED45DAE1AAEC6FE000158D5 /* CFNetwork.framework in Frameworks */ = {isa = PBXBuildFile; fileRef = 4ED45DAD1AAEC6FE000158D5 /* CFNetwork.framework */; };
		4ED45DB01AAEC714000158D5 /* CoreGraphics.framework in Frameworks */ = {isa = PBXBuildFile; fileRef = 4ED45DAF1AAEC714000158D5 /* CoreGraphics.framework */; };
		4ED45DB21AAEC721000158D5 /* CoreLocation.framework in Frameworks */ = {isa = PBXBuildFile; fileRef = 4ED45DB11AAEC721000158D5 /* CoreLocation.framework */; };
		4ED45DB41AAEC738000158D5 /* libz.1.1.3.dylib in Frameworks */ = {isa = PBXBuildFile; fileRef = 4ED45DB31AAEC738000158D5 /* libz.1.1.3.dylib */; };
		4ED45DB61AAEC744000158D5 /* MobileCoreServices.framework in Frameworks */ = {isa = PBXBuildFile; fileRef = 4ED45DB51AAEC744000158D5 /* MobileCoreServices.framework */; };
		4ED45DB81AAEC74F000158D5 /* QuartzCore.framework in Frameworks */ = {isa = PBXBuildFile; fileRef = 4ED45DB71AAEC74F000158D5 /* QuartzCore.framework */; };
		4ED45DBA1AAEC75C000158D5 /* Security.framework in Frameworks */ = {isa = PBXBuildFile; fileRef = 4ED45DB91AAEC75C000158D5 /* Security.framework */; };
		4ED45DBC1AAEC771000158D5 /* SystemConfiguration.framework in Frameworks */ = {isa = PBXBuildFile; fileRef = 4ED45DBB1AAEC771000158D5 /* SystemConfiguration.framework */; };
		4ED45DBE1AAEC80E000158D5 /* libsqlite3.dylib in Frameworks */ = {isa = PBXBuildFile; fileRef = 4ED45DBD1AAEC80E000158D5 /* libsqlite3.dylib */; };
		4EE000151AAF79AE0006FFA1 /* Bolts.framework in Frameworks */ = {isa = PBXBuildFile; fileRef = 4EE000101AAF79AE0006FFA1 /* Bolts.framework */; };
		4EE000161AAF79AE0006FFA1 /* Bolts.framework in Frameworks */ = {isa = PBXBuildFile; fileRef = 4EE000101AAF79AE0006FFA1 /* Bolts.framework */; };
		4EE000171AAF79AE0006FFA1 /* Parse.framework in Frameworks */ = {isa = PBXBuildFile; fileRef = 4EE000111AAF79AE0006FFA1 /* Parse.framework */; };
		4EE000181AAF79AE0006FFA1 /* Parse.framework in Frameworks */ = {isa = PBXBuildFile; fileRef = 4EE000111AAF79AE0006FFA1 /* Parse.framework */; };
		4EE000191AAF79AE0006FFA1 /* ParseCrashReporting.framework in Frameworks */ = {isa = PBXBuildFile; fileRef = 4EE000121AAF79AE0006FFA1 /* ParseCrashReporting.framework */; };
		4EE0001A1AAF79AE0006FFA1 /* ParseCrashReporting.framework in Frameworks */ = {isa = PBXBuildFile; fileRef = 4EE000121AAF79AE0006FFA1 /* ParseCrashReporting.framework */; };
		4EE0001B1AAF79AE0006FFA1 /* ParseFacebookUtils.framework in Frameworks */ = {isa = PBXBuildFile; fileRef = 4EE000131AAF79AE0006FFA1 /* ParseFacebookUtils.framework */; };
		4EE0001C1AAF79AE0006FFA1 /* ParseFacebookUtils.framework in Frameworks */ = {isa = PBXBuildFile; fileRef = 4EE000131AAF79AE0006FFA1 /* ParseFacebookUtils.framework */; };
		4EE0001D1AAF79AE0006FFA1 /* ParseUI.framework in Frameworks */ = {isa = PBXBuildFile; fileRef = 4EE000141AAF79AE0006FFA1 /* ParseUI.framework */; };
		4EE0001E1AAF79AE0006FFA1 /* ParseUI.framework in Frameworks */ = {isa = PBXBuildFile; fileRef = 4EE000141AAF79AE0006FFA1 /* ParseUI.framework */; };
		4EE0CBB21AB3CE1600F4BD85 /* GlobalStuff.swift in Sources */ = {isa = PBXBuildFile; fileRef = 4EE0CBB11AB3CE1600F4BD85 /* GlobalStuff.swift */; };
		4EE0CBB31AB3CE1600F4BD85 /* GlobalStuff.swift in Sources */ = {isa = PBXBuildFile; fileRef = 4EE0CBB11AB3CE1600F4BD85 /* GlobalStuff.swift */; };
/* End PBXBuildFile section */

/* Begin PBXContainerItemProxy section */
		4ED45D8E1AAE70FC000158D5 /* PBXContainerItemProxy */ = {
			isa = PBXContainerItemProxy;
			containerPortal = 4ED45D701AAE70FB000158D5 /* Project object */;
			proxyType = 1;
			remoteGlobalIDString = 4ED45D771AAE70FC000158D5;
			remoteInfo = Offend;
		};
/* End PBXContainerItemProxy section */

/* Begin PBXFileReference section */
		4E4BC3161AB510D500BFD478 /* AllWordsViewController.swift */ = {isa = PBXFileReference; fileEncoding = 4; lastKnownFileType = sourcecode.swift; path = AllWordsViewController.swift; sourceTree = "<group>"; };
		4EBC75B71AB522B900303476 /* AllCell.swift */ = {isa = PBXFileReference; fileEncoding = 4; lastKnownFileType = sourcecode.swift; path = AllCell.swift; sourceTree = "<group>"; };
		4EC4DC8A1AB0E18100459E38 /* OffensiveEngine.swift */ = {isa = PBXFileReference; fileEncoding = 4; lastKnownFileType = sourcecode.swift; path = OffensiveEngine.swift; sourceTree = "<group>"; };
		4ED3292D1AAF811500E19C5F /* AddViewController.swift */ = {isa = PBXFileReference; fileEncoding = 4; lastKnownFileType = sourcecode.swift; path = AddViewController.swift; sourceTree = "<group>"; };
		4ED391D61AB39B0A00FE13D3 /* ShareViewController.swift */ = {isa = PBXFileReference; fileEncoding = 4; lastKnownFileType = sourcecode.swift; path = ShareViewController.swift; sourceTree = "<group>"; };
		4ED45D781AAE70FC000158D5 /* Offend.app */ = {isa = PBXFileReference; explicitFileType = wrapper.application; includeInIndex = 0; path = Offend.app; sourceTree = BUILT_PRODUCTS_DIR; };
		4ED45D7C1AAE70FC000158D5 /* Info.plist */ = {isa = PBXFileReference; lastKnownFileType = text.plist.xml; path = Info.plist; sourceTree = "<group>"; };
		4ED45D7D1AAE70FC000158D5 /* AppDelegate.swift */ = {isa = PBXFileReference; lastKnownFileType = sourcecode.swift; path = AppDelegate.swift; sourceTree = "<group>"; };
		4ED45D7F1AAE70FC000158D5 /* PrimaryViewController.swift */ = {isa = PBXFileReference; lastKnownFileType = sourcecode.swift; path = PrimaryViewController.swift; sourceTree = "<group>"; };
		4ED45D821AAE70FC000158D5 /* Base */ = {isa = PBXFileReference; lastKnownFileType = file.storyboard; name = Base; path = Base.lproj/Main.storyboard; sourceTree = "<group>"; };
		4ED45D841AAE70FC000158D5 /* Images.xcassets */ = {isa = PBXFileReference; lastKnownFileType = folder.assetcatalog; path = Images.xcassets; sourceTree = "<group>"; };
		4ED45D871AAE70FC000158D5 /* Base */ = {isa = PBXFileReference; lastKnownFileType = file.xib; name = Base; path = Base.lproj/LaunchScreen.xib; sourceTree = "<group>"; };
		4ED45D8D1AAE70FC000158D5 /* OffendTests.xctest */ = {isa = PBXFileReference; explicitFileType = wrapper.cfbundle; includeInIndex = 0; path = OffendTests.xctest; sourceTree = BUILT_PRODUCTS_DIR; };
		4ED45D921AAE70FC000158D5 /* Info.plist */ = {isa = PBXFileReference; lastKnownFileType = text.plist.xml; path = Info.plist; sourceTree = "<group>"; };
		4ED45D931AAE70FC000158D5 /* OffendTests.swift */ = {isa = PBXFileReference; lastKnownFileType = sourcecode.swift; path = OffendTests.swift; sourceTree = "<group>"; };
		4ED45DA81AAE7A8D000158D5 /* Offend-Bridging-Header.h */ = {isa = PBXFileReference; lastKnownFileType = sourcecode.c.h; path = "Offend-Bridging-Header.h"; sourceTree = "<group>"; };
		4ED45DAB1AAEC6ED000158D5 /* AudioToolbox.framework */ = {isa = PBXFileReference; lastKnownFileType = wrapper.framework; name = AudioToolbox.framework; path = System/Library/Frameworks/AudioToolbox.framework; sourceTree = SDKROOT; };
		4ED45DAD1AAEC6FE000158D5 /* CFNetwork.framework */ = {isa = PBXFileReference; lastKnownFileType = wrapper.framework; name = CFNetwork.framework; path = System/Library/Frameworks/CFNetwork.framework; sourceTree = SDKROOT; };
		4ED45DAF1AAEC714000158D5 /* CoreGraphics.framework */ = {isa = PBXFileReference; lastKnownFileType = wrapper.framework; name = CoreGraphics.framework; path = System/Library/Frameworks/CoreGraphics.framework; sourceTree = SDKROOT; };
		4ED45DB11AAEC721000158D5 /* CoreLocation.framework */ = {isa = PBXFileReference; lastKnownFileType = wrapper.framework; name = CoreLocation.framework; path = System/Library/Frameworks/CoreLocation.framework; sourceTree = SDKROOT; };
		4ED45DB31AAEC738000158D5 /* libz.1.1.3.dylib */ = {isa = PBXFileReference; lastKnownFileType = "compiled.mach-o.dylib"; name = libz.1.1.3.dylib; path = usr/lib/libz.1.1.3.dylib; sourceTree = SDKROOT; };
		4ED45DB51AAEC744000158D5 /* MobileCoreServices.framework */ = {isa = PBXFileReference; lastKnownFileType = wrapper.framework; name = MobileCoreServices.framework; path = System/Library/Frameworks/MobileCoreServices.framework; sourceTree = SDKROOT; };
		4ED45DB71AAEC74F000158D5 /* QuartzCore.framework */ = {isa = PBXFileReference; lastKnownFileType = wrapper.framework; name = QuartzCore.framework; path = System/Library/Frameworks/QuartzCore.framework; sourceTree = SDKROOT; };
		4ED45DB91AAEC75C000158D5 /* Security.framework */ = {isa = PBXFileReference; lastKnownFileType = wrapper.framework; name = Security.framework; path = System/Library/Frameworks/Security.framework; sourceTree = SDKROOT; };
		4ED45DBB1AAEC771000158D5 /* SystemConfiguration.framework */ = {isa = PBXFileReference; lastKnownFileType = wrapper.framework; name = SystemConfiguration.framework; path = System/Library/Frameworks/SystemConfiguration.framework; sourceTree = SDKROOT; };
		4ED45DBD1AAEC80E000158D5 /* libsqlite3.dylib */ = {isa = PBXFileReference; lastKnownFileType = "compiled.mach-o.dylib"; name = libsqlite3.dylib; path = usr/lib/libsqlite3.dylib; sourceTree = SDKROOT; };
		4EE000101AAF79AE0006FFA1 /* Bolts.framework */ = {isa = PBXFileReference; lastKnownFileType = wrapper.framework; path = Bolts.framework; sourceTree = "<group>"; };
		4EE000111AAF79AE0006FFA1 /* Parse.framework */ = {isa = PBXFileReference; lastKnownFileType = wrapper.framework; path = Parse.framework; sourceTree = "<group>"; };
		4EE000121AAF79AE0006FFA1 /* ParseCrashReporting.framework */ = {isa = PBXFileReference; lastKnownFileType = wrapper.framework; path = ParseCrashReporting.framework; sourceTree = "<group>"; };
		4EE000131AAF79AE0006FFA1 /* ParseFacebookUtils.framework */ = {isa = PBXFileReference; lastKnownFileType = wrapper.framework; path = ParseFacebookUtils.framework; sourceTree = "<group>"; };
		4EE000141AAF79AE0006FFA1 /* ParseUI.framework */ = {isa = PBXFileReference; lastKnownFileType = wrapper.framework; path = ParseUI.framework; sourceTree = "<group>"; };
		4EE0001F1AAF7AB40006FFA1 /* OffendTests-Bridging-Header.h */ = {isa = PBXFileReference; lastKnownFileType = sourcecode.c.h; path = "OffendTests-Bridging-Header.h"; sourceTree = "<group>"; };
		4EE0CBB11AB3CE1600F4BD85 /* GlobalStuff.swift */ = {isa = PBXFileReference; fileEncoding = 4; lastKnownFileType = sourcecode.swift; path = GlobalStuff.swift; sourceTree = "<group>"; };
/* End PBXFileReference section */

/* Begin PBXFrameworksBuildPhase section */
		4ED45D751AAE70FC000158D5 /* Frameworks */ = {
			isa = PBXFrameworksBuildPhase;
			buildActionMask = 2147483647;
			files = (
				4EE0001B1AAF79AE0006FFA1 /* ParseFacebookUtils.framework in Frameworks */,
				4ED45DBE1AAEC80E000158D5 /* libsqlite3.dylib in Frameworks */,
				4ED45DBC1AAEC771000158D5 /* SystemConfiguration.framework in Frameworks */,
				4ED45DBA1AAEC75C000158D5 /* Security.framework in Frameworks */,
				4ED45DB81AAEC74F000158D5 /* QuartzCore.framework in Frameworks */,
				4ED45DB61AAEC744000158D5 /* MobileCoreServices.framework in Frameworks */,
				4ED45DB41AAEC738000158D5 /* libz.1.1.3.dylib in Frameworks */,
				4ED45DB21AAEC721000158D5 /* CoreLocation.framework in Frameworks */,
				4ED45DB01AAEC714000158D5 /* CoreGraphics.framework in Frameworks */,
				4EE000151AAF79AE0006FFA1 /* Bolts.framework in Frameworks */,
				4ED45DAE1AAEC6FE000158D5 /* CFNetwork.framework in Frameworks */,
				4EE000171AAF79AE0006FFA1 /* Parse.framework in Frameworks */,
				4EE0001D1AAF79AE0006FFA1 /* ParseUI.framework in Frameworks */,
				4ED45DAC1AAEC6ED000158D5 /* AudioToolbox.framework in Frameworks */,
				4EE000191AAF79AE0006FFA1 /* ParseCrashReporting.framework in Frameworks */,
			);
			runOnlyForDeploymentPostprocessing = 0;
		};
		4ED45D8A1AAE70FC000158D5 /* Frameworks */ = {
			isa = PBXFrameworksBuildPhase;
			buildActionMask = 2147483647;
			files = (
				4EE000181AAF79AE0006FFA1 /* Parse.framework in Frameworks */,
				4EE0001A1AAF79AE0006FFA1 /* ParseCrashReporting.framework in Frameworks */,
				4EE0001E1AAF79AE0006FFA1 /* ParseUI.framework in Frameworks */,
				4EE0001C1AAF79AE0006FFA1 /* ParseFacebookUtils.framework in Frameworks */,
				4EE000161AAF79AE0006FFA1 /* Bolts.framework in Frameworks */,
			);
			runOnlyForDeploymentPostprocessing = 0;
		};
/* End PBXFrameworksBuildPhase section */

/* Begin PBXGroup section */
		4EC4DC841AB0E07600459E38 /* Models */ = {
			isa = PBXGroup;
			children = (
				4EC4DC8A1AB0E18100459E38 /* OffensiveEngine.swift */,
				4EE0CBB11AB3CE1600F4BD85 /* GlobalStuff.swift */,
			);
			name = Models;
			sourceTree = "<group>";
		};
		4EC4DC851AB0E07C00459E38 /* Views */ = {
			isa = PBXGroup;
			children = (
				4ED45D811AAE70FC000158D5 /* Main.storyboard */,
				4ED45D841AAE70FC000158D5 /* Images.xcassets */,
				4ED45D861AAE70FC000158D5 /* LaunchScreen.xib */,
			);
			name = Views;
			sourceTree = "<group>";
		};
		4EC4DC861AB0E08600459E38 /* Controllers */ = {
			isa = PBXGroup;
			children = (
				4ED45D7D1AAE70FC000158D5 /* AppDelegate.swift */,
				4ED45D7F1AAE70FC000158D5 /* PrimaryViewController.swift */,
				4ED3292D1AAF811500E19C5F /* AddViewController.swift */,
				4ED391D61AB39B0A00FE13D3 /* ShareViewController.swift */,
				4E4BC3161AB510D500BFD478 /* AllWordsViewController.swift */,
				4EBC75B71AB522B900303476 /* AllCell.swift */,
			);
			name = Controllers;
			sourceTree = "<group>";
		};
		4ED45D6F1AAE70FB000158D5 = {
			isa = PBXGroup;
			children = (
				4ED45D7A1AAE70FC000158D5 /* Offend */,
				4ED45D901AAE70FC000158D5 /* OffendTests */,
				4ED45D791AAE70FC000158D5 /* Products */,
				4ED45D9D1AAE7982000158D5 /* Frameworks */,
			);
			sourceTree = "<group>";
		};
		4ED45D791AAE70FC000158D5 /* Products */ = {
			isa = PBXGroup;
			children = (
				4ED45D781AAE70FC000158D5 /* Offend.app */,
				4ED45D8D1AAE70FC000158D5 /* OffendTests.xctest */,
			);
			name = Products;
			sourceTree = "<group>";
		};
		4ED45D7A1AAE70FC000158D5 /* Offend */ = {
			isa = PBXGroup;
			children = (
				4EC4DC861AB0E08600459E38 /* Controllers */,
				4EC4DC851AB0E07C00459E38 /* Views */,
				4EC4DC841AB0E07600459E38 /* Models */,
				4ED45D7B1AAE70FC000158D5 /* Supporting Files */,
				4ED45DA81AAE7A8D000158D5 /* Offend-Bridging-Header.h */,
			);
			path = Offend;
			sourceTree = "<group>";
		};
		4ED45D7B1AAE70FC000158D5 /* Supporting Files */ = {
			isa = PBXGroup;
			children = (
				4ED45D7C1AAE70FC000158D5 /* Info.plist */,
			);
			name = "Supporting Files";
			sourceTree = "<group>";
		};
		4ED45D901AAE70FC000158D5 /* OffendTests */ = {
			isa = PBXGroup;
			children = (
				4ED45D931AAE70FC000158D5 /* OffendTests.swift */,
				4ED45D911AAE70FC000158D5 /* Supporting Files */,
				4EE0001F1AAF7AB40006FFA1 /* OffendTests-Bridging-Header.h */,
			);
			path = OffendTests;
			sourceTree = "<group>";
		};
		4ED45D911AAE70FC000158D5 /* Supporting Files */ = {
			isa = PBXGroup;
			children = (
				4ED45D921AAE70FC000158D5 /* Info.plist */,
			);
			name = "Supporting Files";
			sourceTree = "<group>";
		};
		4ED45D9D1AAE7982000158D5 /* Frameworks */ = {
			isa = PBXGroup;
			children = (
				4ED45DBD1AAEC80E000158D5 /* libsqlite3.dylib */,
				4EE000101AAF79AE0006FFA1 /* Bolts.framework */,
				4EE000111AAF79AE0006FFA1 /* Parse.framework */,
				4EE000121AAF79AE0006FFA1 /* ParseCrashReporting.framework */,
				4EE000131AAF79AE0006FFA1 /* ParseFacebookUtils.framework */,
				4EE000141AAF79AE0006FFA1 /* ParseUI.framework */,
				4ED45DBB1AAEC771000158D5 /* SystemConfiguration.framework */,
				4ED45DB91AAEC75C000158D5 /* Security.framework */,
				4ED45DB71AAEC74F000158D5 /* QuartzCore.framework */,
				4ED45DB51AAEC744000158D5 /* MobileCoreServices.framework */,
				4ED45DB31AAEC738000158D5 /* libz.1.1.3.dylib */,
				4ED45DB11AAEC721000158D5 /* CoreLocation.framework */,
				4ED45DAF1AAEC714000158D5 /* CoreGraphics.framework */,
				4ED45DAD1AAEC6FE000158D5 /* CFNetwork.framework */,
				4ED45DAB1AAEC6ED000158D5 /* AudioToolbox.framework */,
			);
			name = Frameworks;
			sourceTree = "<group>";
		};
/* End PBXGroup section */

/* Begin PBXNativeTarget section */
		4ED45D771AAE70FC000158D5 /* Offend */ = {
			isa = PBXNativeTarget;
			buildConfigurationList = 4ED45D971AAE70FC000158D5 /* Build configuration list for PBXNativeTarget "Offend" */;
			buildPhases = (
				4ED45D741AAE70FC000158D5 /* Sources */,
				4ED45D751AAE70FC000158D5 /* Frameworks */,
				4ED45D761AAE70FC000158D5 /* Resources */,
			);
			buildRules = (
			);
			dependencies = (
			);
			name = Offend;
			productName = Offend;
			productReference = 4ED45D781AAE70FC000158D5 /* Offend.app */;
			productType = "com.apple.product-type.application";
		};
		4ED45D8C1AAE70FC000158D5 /* OffendTests */ = {
			isa = PBXNativeTarget;
			buildConfigurationList = 4ED45D9A1AAE70FC000158D5 /* Build configuration list for PBXNativeTarget "OffendTests" */;
			buildPhases = (
				4ED45D891AAE70FC000158D5 /* Sources */,
				4ED45D8A1AAE70FC000158D5 /* Frameworks */,
				4ED45D8B1AAE70FC000158D5 /* Resources */,
			);
			buildRules = (
			);
			dependencies = (
				4ED45D8F1AAE70FC000158D5 /* PBXTargetDependency */,
			);
			name = OffendTests;
			productName = OffendTests;
			productReference = 4ED45D8D1AAE70FC000158D5 /* OffendTests.xctest */;
			productType = "com.apple.product-type.bundle.unit-test";
		};
/* End PBXNativeTarget section */

/* Begin PBXProject section */
		4ED45D701AAE70FB000158D5 /* Project object */ = {
			isa = PBXProject;
			attributes = {
				LastUpgradeCheck = 0610;
				ORGANIZATIONNAME = "Jon Vogel";
				TargetAttributes = {
					4ED45D771AAE70FC000158D5 = {
						CreatedOnToolsVersion = 6.1.1;
					};
					4ED45D8C1AAE70FC000158D5 = {
						CreatedOnToolsVersion = 6.1.1;
						TestTargetID = 4ED45D771AAE70FC000158D5;
					};
				};
			};
			buildConfigurationList = 4ED45D731AAE70FB000158D5 /* Build configuration list for PBXProject "Offend" */;
			compatibilityVersion = "Xcode 3.2";
			developmentRegion = English;
			hasScannedForEncodings = 0;
			knownRegions = (
				en,
				Base,
			);
			mainGroup = 4ED45D6F1AAE70FB000158D5;
			productRefGroup = 4ED45D791AAE70FC000158D5 /* Products */;
			projectDirPath = "";
			projectRoot = "";
			targets = (
				4ED45D771AAE70FC000158D5 /* Offend */,
				4ED45D8C1AAE70FC000158D5 /* OffendTests */,
			);
		};
/* End PBXProject section */

/* Begin PBXResourcesBuildPhase section */
		4ED45D761AAE70FC000158D5 /* Resources */ = {
			isa = PBXResourcesBuildPhase;
			buildActionMask = 2147483647;
			files = (
				4ED45D831AAE70FC000158D5 /* Main.storyboard in Resources */,
				4ED45D881AAE70FC000158D5 /* LaunchScreen.xib in Resources */,
				4ED45D851AAE70FC000158D5 /* Images.xcassets in Resources */,
			);
			runOnlyForDeploymentPostprocessing = 0;
		};
		4ED45D8B1AAE70FC000158D5 /* Resources */ = {
			isa = PBXResourcesBuildPhase;
			buildActionMask = 2147483647;
			files = (
			);
			runOnlyForDeploymentPostprocessing = 0;
		};
/* End PBXResourcesBuildPhase section */

/* Begin PBXSourcesBuildPhase section */
		4ED45D741AAE70FC000158D5 /* Sources */ = {
			isa = PBXSourcesBuildPhase;
			buildActionMask = 2147483647;
			files = (
				4ED45D801AAE70FC000158D5 /* PrimaryViewController.swift in Sources */,
				4EBC75B81AB522B900303476 /* AllCell.swift in Sources */,
				4E4BC3171AB510D500BFD478 /* AllWordsViewController.swift in Sources */,
				4EE0CBB21AB3CE1600F4BD85 /* GlobalStuff.swift in Sources */,
				4ED45D7E1AAE70FC000158D5 /* AppDelegate.swift in Sources */,
				4ED391D71AB39B0A00FE13D3 /* ShareViewController.swift in Sources */,
				4ED3292E1AAF811500E19C5F /* AddViewController.swift in Sources */,
				4EC4DC8B1AB0E18100459E38 /* OffensiveEngine.swift in Sources */,
			);
			runOnlyForDeploymentPostprocessing = 0;
		};
		4ED45D891AAE70FC000158D5 /* Sources */ = {
			isa = PBXSourcesBuildPhase;
			buildActionMask = 2147483647;
			files = (
				4EBC75B91AB522B900303476 /* AllCell.swift in Sources */,
				4EB0726D1AB3A1B500BB230A /* ShareViewController.swift in Sources */,
				4EB0726E1AB3A1B900BB230A /* PrimaryViewController.swift in Sources */,
				4ED45D941AAE70FC000158D5 /* OffendTests.swift in Sources */,
				4EB0726F1AB3A1C300BB230A /* AppDelegate.swift in Sources */,
				4EC4DC8C1AB0E18100459E38 /* OffensiveEngine.swift in Sources */,
				4EB072701AB3A1C700BB230A /* AddViewController.swift in Sources */,
				4E4BC3181AB510D500BFD478 /* AllWordsViewController.swift in Sources */,
				4EE0CBB31AB3CE1600F4BD85 /* GlobalStuff.swift in Sources */,
			);
			runOnlyForDeploymentPostprocessing = 0;
		};
/* End PBXSourcesBuildPhase section */

/* Begin PBXTargetDependency section */
		4ED45D8F1AAE70FC000158D5 /* PBXTargetDependency */ = {
			isa = PBXTargetDependency;
			target = 4ED45D771AAE70FC000158D5 /* Offend */;
			targetProxy = 4ED45D8E1AAE70FC000158D5 /* PBXContainerItemProxy */;
		};
/* End PBXTargetDependency section */

/* Begin PBXVariantGroup section */
		4ED45D811AAE70FC000158D5 /* Main.storyboard */ = {
			isa = PBXVariantGroup;
			children = (
				4ED45D821AAE70FC000158D5 /* Base */,
			);
			name = Main.storyboard;
			sourceTree = "<group>";
		};
		4ED45D861AAE70FC000158D5 /* LaunchScreen.xib */ = {
			isa = PBXVariantGroup;
			children = (
				4ED45D871AAE70FC000158D5 /* Base */,
			);
			name = LaunchScreen.xib;
			sourceTree = "<group>";
		};
/* End PBXVariantGroup section */

/* Begin XCBuildConfiguration section */
		4ED45D951AAE70FC000158D5 /* Debug */ = {
			isa = XCBuildConfiguration;
			buildSettings = {
				ALWAYS_SEARCH_USER_PATHS = NO;
				CLANG_CXX_LANGUAGE_STANDARD = "gnu++0x";
				CLANG_CXX_LIBRARY = "libc++";
				CLANG_ENABLE_MODULES = YES;
				CLANG_ENABLE_OBJC_ARC = YES;
				CLANG_WARN_BOOL_CONVERSION = YES;
				CLANG_WARN_CONSTANT_CONVERSION = YES;
				CLANG_WARN_DIRECT_OBJC_ISA_USAGE = YES_ERROR;
				CLANG_WARN_EMPTY_BODY = YES;
				CLANG_WARN_ENUM_CONVERSION = YES;
				CLANG_WARN_INT_CONVERSION = YES;
				CLANG_WARN_OBJC_ROOT_CLASS = YES_ERROR;
				CLANG_WARN_UNREACHABLE_CODE = YES;
				CLANG_WARN__DUPLICATE_METHOD_MATCH = YES;
				"CODE_SIGN_IDENTITY[sdk=iphoneos*]" = "iPhone Developer";
				COPY_PHASE_STRIP = NO;
				ENABLE_STRICT_OBJC_MSGSEND = YES;
				GCC_C_LANGUAGE_STANDARD = gnu99;
				GCC_DYNAMIC_NO_PIC = NO;
				GCC_OPTIMIZATION_LEVEL = 0;
				GCC_PREPROCESSOR_DEFINITIONS = (
					"DEBUG=1",
					"$(inherited)",
				);
				GCC_SYMBOLS_PRIVATE_EXTERN = NO;
				GCC_WARN_64_TO_32_BIT_CONVERSION = YES;
				GCC_WARN_ABOUT_RETURN_TYPE = YES_ERROR;
				GCC_WARN_UNDECLARED_SELECTOR = YES;
				GCC_WARN_UNINITIALIZED_AUTOS = YES_AGGRESSIVE;
				GCC_WARN_UNUSED_FUNCTION = YES;
				GCC_WARN_UNUSED_VARIABLE = YES;
				IPHONEOS_DEPLOYMENT_TARGET = 8.1;
				MTL_ENABLE_DEBUG_INFO = YES;
				ONLY_ACTIVE_ARCH = YES;
				SDKROOT = iphoneos;
				SWIFT_OPTIMIZATION_LEVEL = "-Onone";
				TARGETED_DEVICE_FAMILY = "1,2";
			};
			name = Debug;
		};
		4ED45D961AAE70FC000158D5 /* Release */ = {
			isa = XCBuildConfiguration;
			buildSettings = {
				ALWAYS_SEARCH_USER_PATHS = NO;
				CLANG_CXX_LANGUAGE_STANDARD = "gnu++0x";
				CLANG_CXX_LIBRARY = "libc++";
				CLANG_ENABLE_MODULES = YES;
				CLANG_ENABLE_OBJC_ARC = YES;
				CLANG_WARN_BOOL_CONVERSION = YES;
				CLANG_WARN_CONSTANT_CONVERSION = YES;
				CLANG_WARN_DIRECT_OBJC_ISA_USAGE = YES_ERROR;
				CLANG_WARN_EMPTY_BODY = YES;
				CLANG_WARN_ENUM_CONVERSION = YES;
				CLANG_WARN_INT_CONVERSION = YES;
				CLANG_WARN_OBJC_ROOT_CLASS = YES_ERROR;
				CLANG_WARN_UNREACHABLE_CODE = YES;
				CLANG_WARN__DUPLICATE_METHOD_MATCH = YES;
				"CODE_SIGN_IDENTITY[sdk=iphoneos*]" = "iPhone Developer";
				COPY_PHASE_STRIP = YES;
				ENABLE_NS_ASSERTIONS = NO;
				ENABLE_STRICT_OBJC_MSGSEND = YES;
				GCC_C_LANGUAGE_STANDARD = gnu99;
				GCC_WARN_64_TO_32_BIT_CONVERSION = YES;
				GCC_WARN_ABOUT_RETURN_TYPE = YES_ERROR;
				GCC_WARN_UNDECLARED_SELECTOR = YES;
				GCC_WARN_UNINITIALIZED_AUTOS = YES_AGGRESSIVE;
				GCC_WARN_UNUSED_FUNCTION = YES;
				GCC_WARN_UNUSED_VARIABLE = YES;
				IPHONEOS_DEPLOYMENT_TARGET = 8.1;
				MTL_ENABLE_DEBUG_INFO = NO;
				SDKROOT = iphoneos;
				TARGETED_DEVICE_FAMILY = "1,2";
				VALIDATE_PRODUCT = YES;
			};
			name = Release;
		};
		4ED45D981AAE70FC000158D5 /* Debug */ = {
			isa = XCBuildConfiguration;
			buildSettings = {
				ASSETCATALOG_COMPILER_APPICON_NAME = AppIcon;
				CLANG_ENABLE_MODULES = YES;
				FRAMEWORK_SEARCH_PATHS = (
					"$(inherited)",
					"$(PROJECT_DIR)",
				);
				INFOPLIST_FILE = Offend/Info.plist;
				LD_RUNPATH_SEARCH_PATHS = "$(inherited) @executable_path/Frameworks";
				PRODUCT_NAME = "$(TARGET_NAME)";
				SWIFT_OBJC_BRIDGING_HEADER = "Offend/Offend-Bridging-Header.h";
				SWIFT_OPTIMIZATION_LEVEL = "-Onone";
			};
			name = Debug;
		};
		4ED45D991AAE70FC000158D5 /* Release */ = {
			isa = XCBuildConfiguration;
			buildSettings = {
				ASSETCATALOG_COMPILER_APPICON_NAME = AppIcon;
				CLANG_ENABLE_MODULES = YES;
				FRAMEWORK_SEARCH_PATHS = (
					"$(inherited)",
					"$(PROJECT_DIR)",
				);
				INFOPLIST_FILE = Offend/Info.plist;
				LD_RUNPATH_SEARCH_PATHS = "$(inherited) @executable_path/Frameworks";
				PRODUCT_NAME = "$(TARGET_NAME)";
				SWIFT_OBJC_BRIDGING_HEADER = "Offend/Offend-Bridging-Header.h";
			};
			name = Release;
		};
		4ED45D9B1AAE70FC000158D5 /* Debug */ = {
			isa = XCBuildConfiguration;
			buildSettings = {
				BUNDLE_LOADER = "$(TEST_HOST)";
				CLANG_ENABLE_MODULES = YES;
				FRAMEWORK_SEARCH_PATHS = (
					"$(SDKROOT)/Developer/Library/Frameworks",
					"$(inherited)",
					"$(PROJECT_DIR)",
				);
				GCC_PREPROCESSOR_DEFINITIONS = (
					"DEBUG=1",
					"$(inherited)",
				);
				INFOPLIST_FILE = OffendTests/Info.plist;
				LD_RUNPATH_SEARCH_PATHS = "$(inherited) @executable_path/Frameworks @loader_path/Frameworks";
				PRODUCT_NAME = "$(TARGET_NAME)";
				SWIFT_OBJC_BRIDGING_HEADER = "OffendTests/OffendTests-Bridging-Header.h";
				SWIFT_OPTIMIZATION_LEVEL = "-Onone";
				TEST_HOST = "$(BUILT_PRODUCTS_DIR)/Offend.app/Offend";
			};
			name = Debug;
		};
		4ED45D9C1AAE70FC000158D5 /* Release */ = {
			isa = XCBuildConfiguration;
			buildSettings = {
				BUNDLE_LOADER = "$(TEST_HOST)";
				CLANG_ENABLE_MODULES = YES;
				FRAMEWORK_SEARCH_PATHS = (
					"$(SDKROOT)/Developer/Library/Frameworks",
					"$(inherited)",
					"$(PROJECT_DIR)",
				);
				INFOPLIST_FILE = OffendTests/Info.plist;
				LD_RUNPATH_SEARCH_PATHS = "$(inherited) @executable_path/Frameworks @loader_path/Frameworks";
				PRODUCT_NAME = "$(TARGET_NAME)";
				SWIFT_OBJC_BRIDGING_HEADER = "OffendTests/OffendTests-Bridging-Header.h";
				TEST_HOST = "$(BUILT_PRODUCTS_DIR)/Offend.app/Offend";
			};
			name = Release;
		};
/* End XCBuildConfiguration section */

/* Begin XCConfigurationList section */
		4ED45D731AAE70FB000158D5 /* Build configuration list for PBXProject "Offend" */ = {
			isa = XCConfigurationList;
			buildConfigurations = (
				4ED45D951AAE70FC000158D5 /* Debug */,
				4ED45D961AAE70FC000158D5 /* Release */,
			);
			defaultConfigurationIsVisible = 0;
			defaultConfigurationName = Release;
		};
		4ED45D971AAE70FC000158D5 /* Build configuration list for PBXNativeTarget "Offend" */ = {
			isa = XCConfigurationList;
			buildConfigurations = (
				4ED45D981AAE70FC000158D5 /* Debug */,
				4ED45D991AAE70FC000158D5 /* Release */,
			);
			defaultConfigurationIsVisible = 0;
			defaultConfigurationName = Release;
		};
		4ED45D9A1AAE70FC000158D5 /* Build configuration list for PBXNativeTarget "OffendTests" */ = {
			isa = XCConfigurationList;
			buildConfigurations = (
				4ED45D9B1AAE70FC000158D5 /* Debug */,
				4ED45D9C1AAE70FC000158D5 /* Release */,
			);
			defaultConfigurationIsVisible = 0;
			defaultConfigurationName = Release;
		};
/* End XCConfigurationList section */
	};
	rootObject = 4ED45D701AAE70FB000158D5 /* Project object */;
}
